
Microsoft Visual Studio Solution File, Format Version 12.00
# Visual Studio Version 16
VisualStudioVersion = 16.0.30907.101
MinimumVisualStudioVersion = 10.0.40219.1
Project("{8BC9CEB8-8B4A-11D0-8D11-00A0C91BC942}") = "SuperMarioBros3", "SuperMarioBros3\SuperMarioBros3.vcxproj", "{4E4E7FE6-838D-4FE3-B856-94845235524E}"
EndProject
Project("{8BC9CEB8-8B4A-11D0-8D11-00A0C91BC942}") = "GridMaker", "GridMaker\GridMaker.vcxproj", "{DC2F44BF-9073-457C-93D7-058BB3D91C73}"
EndProject
Project("{2150E333-8FDC-42A3-9474-1A3956D46DE8}") = "Solution Items", "Solution Items", "{EA69F688-9EA7-41CE-B043-3BFAA07B6862}"
	ProjectSection(SolutionItems) = preProject
		build.rar = build.rar
		readme.txt = readme.txt
	EndProjectSection
EndProject
Global
	GlobalSection(SolutionConfigurationPlatforms) = preSolution
		Debug|x64 = Debug|x64
		Debug|x86 = Debug|x86
		Release|x64 = Release|x64
		Release|x86 = Release|x86
	EndGlobalSection
	GlobalSection(ProjectConfigurationPlatforms) = postSolution
		{4E4E7FE6-838D-4FE3-B856-94845235524E}.Debug|x64.ActiveCfg = Debug|x64
		{4E4E7FE6-838D-4FE3-B856-94845235524E}.Debug|x64.Build.0 = Debug|x64
		{4E4E7FE6-838D-4FE3-B856-94845235524E}.Debug|x86.ActiveCfg = Debug|Win32
		{4E4E7FE6-838D-4FE3-B856-94845235524E}.Debug|x86.Build.0 = Debug|Win32
		{4E4E7FE6-838D-4FE3-B856-94845235524E}.Release|x64.ActiveCfg = Release|x64
		{4E4E7FE6-838D-4FE3-B856-94845235524E}.Release|x64.Build.0 = Release|x64
		{4E4E7FE6-838D-4FE3-B856-94845235524E}.Release|x86.ActiveCfg = Release|Win32
		{4E4E7FE6-838D-4FE3-B856-94845235524E}.Release|x86.Build.0 = Release|Win32
		{DC2F44BF-9073-457C-93D7-058BB3D91C73}.Debug|x64.ActiveCfg = Debug|x64
		{DC2F44BF-9073-457C-93D7-058BB3D91C73}.Debug|x64.Build.0 = Debug|x64
		{DC2F44BF-9073-457C-93D7-058BB3D91C73}.Debug|x86.ActiveCfg = Debug|Win32
		{DC2F44BF-9073-457C-93D7-058BB3D91C73}.Debug|x86.Build.0 = Debug|Win32
		{DC2F44BF-9073-457C-93D7-058BB3D91C73}.Release|x64.ActiveCfg = Release|x64
		{DC2F44BF-9073-457C-93D7-058BB3D91C73}.Release|x64.Build.0 = Release|x64
		{DC2F44BF-9073-457C-93D7-058BB3D91C73}.Release|x86.ActiveCfg = Release|Win32
		{DC2F44BF-9073-457C-93D7-058BB3D91C73}.Release|x86.Build.0 = Release|Win32
	EndGlobalSection
	GlobalSection(SolutionProperties) = preSolution
		HideSolutionNode = FALSE
	EndGlobalSection
	GlobalSection(ExtensibilityGlobals) = postSolution
		SolutionGuid = {155E0F9A-17FF-4B57-A9C1-D8C3FC8E0853}
	EndGlobalSection
EndGlobal
